
Microsoft Visual Studio Solution File, Format Version 12.00
# Visual Studio 14
VisualStudioVersion = 14.0.25123.0
MinimumVisualStudioVersion = 10.0.40219.1
Project("{8BC9CEB8-8B4A-11D0-8D11-00A0C91BC942}") = "TicTacToe", "GameTicTacToe\GameTicTacToe.vcxproj", "{DE95B40E-23DA-43DA-855C-1CC8276C8F96}"
EndProject
Project("{8BC9CEB8-8B4A-11D0-8D11-00A0C91BC942}") = "Backgammon", "GameBackgammon\GameBackgammon.vcxproj", "{BAC643A5-FC32-4A75-8257-C3E5A0D9B9C6}"
EndProject
Project("{8BC9CEB8-8B4A-11D0-8D11-00A0C91BC942}") = "Otello", "GameOtello\Otello.vcxproj", "{4840DA17-3807-4E7B-91DB-E6E0C5E5F53D}"
EndProject
Project("{8BC9CEB8-8B4A-11D0-8D11-00A0C91BC942}") = "BackgammonUT", "UnitTest1\UnitTest1.vcxproj", "{9DEF1139-E491-4768-B024-7298EC854F31}"
EndProject
Global
	GlobalSection(SolutionConfigurationPlatforms) = preSolution
		Debug|ARM = Debug|ARM
		Debug|Win32 = Debug|Win32
		Debug|x64 = Debug|x64
		Release|ARM = Release|ARM
		Release|Win32 = Release|Win32
		Release|x64 = Release|x64
	EndGlobalSection
	GlobalSection(ProjectConfigurationPlatforms) = postSolution
		{DE95B40E-23DA-43DA-855C-1CC8276C8F96}.Debug|ARM.ActiveCfg = Debug|Win32
		{DE95B40E-23DA-43DA-855C-1CC8276C8F96}.Debug|Win32.ActiveCfg = Debug|Win32
		{DE95B40E-23DA-43DA-855C-1CC8276C8F96}.Debug|Win32.Build.0 = Debug|Win32
		{DE95B40E-23DA-43DA-855C-1CC8276C8F96}.Debug|x64.ActiveCfg = Debug|Win32
		{DE95B40E-23DA-43DA-855C-1CC8276C8F96}.Release|ARM.ActiveCfg = Release|Win32
		{DE95B40E-23DA-43DA-855C-1CC8276C8F96}.Release|Win32.ActiveCfg = Release|Win32
		{DE95B40E-23DA-43DA-855C-1CC8276C8F96}.Release|Win32.Build.0 = Release|Win32
		{DE95B40E-23DA-43DA-855C-1CC8276C8F96}.Release|x64.ActiveCfg = Release|Win32
		{BAC643A5-FC32-4A75-8257-C3E5A0D9B9C6}.Debug|ARM.ActiveCfg = Debug|Win32
		{BAC643A5-FC32-4A75-8257-C3E5A0D9B9C6}.Debug|Win32.ActiveCfg = Debug|Win32
		{BAC643A5-FC32-4A75-8257-C3E5A0D9B9C6}.Debug|Win32.Build.0 = Debug|Win32
		{BAC643A5-FC32-4A75-8257-C3E5A0D9B9C6}.Debug|x64.ActiveCfg = Debug|Win32
		{BAC643A5-FC32-4A75-8257-C3E5A0D9B9C6}.Release|ARM.ActiveCfg = Release|Win32
		{BAC643A5-FC32-4A75-8257-C3E5A0D9B9C6}.Release|Win32.ActiveCfg = Release|Win32
		{BAC643A5-FC32-4A75-8257-C3E5A0D9B9C6}.Release|Win32.Build.0 = Release|Win32
		{BAC643A5-FC32-4A75-8257-C3E5A0D9B9C6}.Release|x64.ActiveCfg = Release|Win32
		{4840DA17-3807-4E7B-91DB-E6E0C5E5F53D}.Debug|ARM.ActiveCfg = Debug|Win32
		{4840DA17-3807-4E7B-91DB-E6E0C5E5F53D}.Debug|Win32.ActiveCfg = Debug|Win32
		{4840DA17-3807-4E7B-91DB-E6E0C5E5F53D}.Debug|Win32.Build.0 = Debug|Win32
		{4840DA17-3807-4E7B-91DB-E6E0C5E5F53D}.Debug|x64.ActiveCfg = Debug|Win32
		{4840DA17-3807-4E7B-91DB-E6E0C5E5F53D}.Release|ARM.ActiveCfg = Release|Win32
		{4840DA17-3807-4E7B-91DB-E6E0C5E5F53D}.Release|Win32.ActiveCfg = Release|Win32
		{4840DA17-3807-4E7B-91DB-E6E0C5E5F53D}.Release|Win32.Build.0 = Release|Win32
		{4840DA17-3807-4E7B-91DB-E6E0C5E5F53D}.Release|x64.ActiveCfg = Release|Win32
		{9DEF1139-E491-4768-B024-7298EC854F31}.Debug|ARM.ActiveCfg = Debug|Win32
		{9DEF1139-E491-4768-B024-7298EC854F31}.Debug|Win32.ActiveCfg = Debug|Win32
		{9DEF1139-E491-4768-B024-7298EC854F31}.Debug|Win32.Build.0 = Debug|Win32
		{9DEF1139-E491-4768-B024-7298EC854F31}.Debug|x64.ActiveCfg = Debug|x64
		{9DEF1139-E491-4768-B024-7298EC854F31}.Debug|x64.Build.0 = Debug|x64
		{9DEF1139-E491-4768-B024-7298EC854F31}.Release|ARM.ActiveCfg = Release|Win32
		{9DEF1139-E491-4768-B024-7298EC854F31}.Release|Win32.ActiveCfg = Release|Win32
		{9DEF1139-E491-4768-B024-7298EC854F31}.Release|Win32.Build.0 = Release|Win32
		{9DEF1139-E491-4768-B024-7298EC854F31}.Release|x64.ActiveCfg = Release|x64
		{9DEF1139-E491-4768-B024-7298EC854F31}.Release|x64.Build.0 = Release|x64
	EndGlobalSection
	GlobalSection(SolutionProperties) = preSolution
		HideSolutionNode = FALSE
	EndGlobalSection
EndGlobal
